github.com/davecgh/go-spew v1.1.1 h1:vj9j/u1bqnvCEfJOwUhtlOARqs3+rkHYY13jYWTU97c=
github.com/davecgh/go-spew v1.1.1/go.mod h1:J7Y8YcW2NihsgmVo/mv3lAwl/skON4iLHjSsI+c5H38=
github.com/deckarep/golang-set/v2 v2.6.0 h1:XfcQbWM1LlMB8BsJ8N9vW5ehnnPVIw0je80NsVHagjM=
github.com/deckarep/golang-set/v2 v2.6.0/go.mod h1:VAky9rY/yGXJOLEDv3OMci+7wtDpOF4IN+y82NBOac4=
github.com/hmdsefi/gograph v0.4.0 h1:eiWprSQ+lSogrcay0yvgvJWEMsVT/VsZ+NR4uW2k+2k=
github.com/hmdsefi/gograph v0.4.0/go.mod h1:WH2SdTvyHkgBFqLBAqPIHyISWY4FNKYrGhJlgjB1jfE=
github.com/hmdsefi/gograph v0.4.2 h1:f96ZI2Mek/uqte1IqYWMjaOXMfZwxIhZVl1vgJ/FHFw=
github.com/hmdsefi/gograph v0.4.2/go.mod h1:BDi3L1Xo1ypTxZW2zFPXhSqn8znZ4WrdOnsRPDEDMOw=
github.com/pmezard/go-difflib v1.0.0 h1:4DBwDE0NGyQoBHbLQYPwSUPoCMWR5BEzIk/f1lZbAQM=
github.com/pmezard/go-difflib v1.0.0/go.mod h1:iKH77koFhYxTK1pcRnkKkqfTogsbg7gZNVY4sRDYZ/4=
github.com/stretchr/testify v1.9.0 h1:HtqpIVDClZ4nwg75+f6Lvsy/wHu+3BoSGCbBAcpTsTg=
github.com/stretchr/testify v1.9.0/go.mod h1:r2ic/lqez/lEtzL7wO/rwa5dbSLXVDPFyf8C91i36aY=
golang.org/x/exp v0.0.0-20240808152545-0cdaa3abc0fa h1:ELnwvuAXPNtPk1TJRuGkI9fDTwym6AYBu0qzT8AcHdI=
golang.org/x/exp v0.0.0-20240808152545-0cdaa3abc0fa/go.mod h1:akd2r19cwCdwSwWeIdzYQGa/EZZyqcOdwWiwj5L5eKQ=
gopkg.in/check.v1 v0.0.0-20161208181325-20d25e280405/go.mod h1:Co6ibVJAznAaIkqp8huTwlJQCZ016jof/cbN4VW5Yz0=
gopkg.in/gyuho/goraph.v2 v2.0.0-20160328020532-d460590d53a9 h1:e+cCz00LJpQ3gCxq5njRASsDJp/HxRf5oevNlqhwXd8=
gopkg.in/gyuho/goraph.v2 v2.0.0-20160328020532-d460590d53a9/go.mod h1:1Z4GXqa9GSE8TEGrYn/d0l3V5xF/4xmkK09FZjBHtnM=
gopkg.in/yaml.v3 v3.0.1 h1:fxVm/GzAzEWqLHuvctI91KS9hhNmmWOoWu0XTYJS7CA=
gopkg.in/yaml.v3 v3.0.1/go.mod h1:K4uyk7z7BCEPqu6E+C64Yfv1cQ7kz7rIZviUmN+EgEM=
